
Microsoft Visual Studio Solution File, Format Version 12.00
# Visual Studio 14
VisualStudioVersion = 14.0.22823.1
MinimumVisualStudioVersion = 10.0.40219.1
Project("{002A2DE9-8BB6-484D-9802-7E4AD4084715}") = "EncoShared", "EncoShared\EncoShared.visualdproj", "{A1499960-E5C4-48AF-8DCB-EFFDB87C6A28}"
EndProject
Project("{002A2DE9-8BB6-484D-9802-7E4AD4084715}") = "EncoDesktop", "EncoDesktop\EncoDesktop.visualdproj", "{37BE5994-E9EF-43A6-8D9A-36013711E25E}"
EndProject
Project("{002A2DE9-8BB6-484D-9802-7E4AD4084715}") = "EncoGL3", "EncoGL3\EncoGL3.visualdproj", "{FA53AFDD-B5F2-4B46-8784-27FE8F562AA2}"
EndProject
Project("{002A2DE9-8BB6-484D-9802-7E4AD4084715}") = "Demo", "..\..\Demo\Demo.visualdproj", "{CC7A5E9F-DABC-4D09-8CFC-C94C51105ABD}"
EndProject
Project("{2150E333-8FDC-42A3-9474-1A3956D46DE8}") = "Examples", "Examples", "{C16654BE-29FA-463F-85D5-550AE536522A}"
EndProject
Project("{002A2DE9-8BB6-484D-9802-7E4AD4084715}") = "Game", "..\..\Examples\Game\Game.visualdproj", "{C78D923D-86A3-4A6B-8614-BA0E62B7C427}"
	ProjectSection(ProjectDependencies) = postProject
		{A1499960-E5C4-48AF-8DCB-EFFDB87C6A28} = {A1499960-E5C4-48AF-8DCB-EFFDB87C6A28}
		{37BE5994-E9EF-43A6-8D9A-36013711E25E} = {37BE5994-E9EF-43A6-8D9A-36013711E25E}
		{FA53AFDD-B5F2-4B46-8784-27FE8F562AA2} = {FA53AFDD-B5F2-4B46-8784-27FE8F562AA2}
	EndProjectSection
EndProject
Project("{002A2DE9-8BB6-484D-9802-7E4AD4084715}") = "Transformations", "..\..\Examples\Transformations\Transformations.visualdproj", "{57769092-62F9-4E6A-B37B-5C2A94103544}"
EndProject
Project("{002A2DE9-8BB6-484D-9802-7E4AD4084715}") = "levelc", "..\..\levelc\levelc.visualdproj", "{9D5FCB61-673F-423B-A986-8E5B27B35A5D}"
EndProject
Global
	GlobalSection(SolutionConfigurationPlatforms) = preSolution
		Debug|Win32 = Debug|Win32
		Release|Win32 = Release|Win32
	EndGlobalSection
	GlobalSection(ProjectConfigurationPlatforms) = postSolution
		{A1499960-E5C4-48AF-8DCB-EFFDB87C6A28}.Debug|Win32.ActiveCfg = Debug|Win32
		{A1499960-E5C4-48AF-8DCB-EFFDB87C6A28}.Debug|Win32.Build.0 = Debug|Win32
		{A1499960-E5C4-48AF-8DCB-EFFDB87C6A28}.Release|Win32.ActiveCfg = Release|Win32
		{A1499960-E5C4-48AF-8DCB-EFFDB87C6A28}.Release|Win32.Build.0 = Release|Win32
		{37BE5994-E9EF-43A6-8D9A-36013711E25E}.Debug|Win32.ActiveCfg = Debug|Win32
		{37BE5994-E9EF-43A6-8D9A-36013711E25E}.Debug|Win32.Build.0 = Debug|Win32
		{37BE5994-E9EF-43A6-8D9A-36013711E25E}.Release|Win32.ActiveCfg = Release|Win32
		{37BE5994-E9EF-43A6-8D9A-36013711E25E}.Release|Win32.Build.0 = Release|Win32
		{FA53AFDD-B5F2-4B46-8784-27FE8F562AA2}.Debug|Win32.ActiveCfg = Debug|Win32
		{FA53AFDD-B5F2-4B46-8784-27FE8F562AA2}.Debug|Win32.Build.0 = Debug|Win32
		{FA53AFDD-B5F2-4B46-8784-27FE8F562AA2}.Release|Win32.ActiveCfg = Release|Win32
		{FA53AFDD-B5F2-4B46-8784-27FE8F562AA2}.Release|Win32.Build.0 = Release|Win32
		{CC7A5E9F-DABC-4D09-8CFC-C94C51105ABD}.Debug|Win32.ActiveCfg = Debug|Win32
		{CC7A5E9F-DABC-4D09-8CFC-C94C51105ABD}.Debug|Win32.Build.0 = Debug|Win32
		{CC7A5E9F-DABC-4D09-8CFC-C94C51105ABD}.Release|Win32.ActiveCfg = Release|Win32
		{CC7A5E9F-DABC-4D09-8CFC-C94C51105ABD}.Release|Win32.Build.0 = Release|Win32
		{BFD3BD68-9251-4219-954D-A17D76F9D5D0}.Debug|Win32.ActiveCfg = Debug|Win32
		{BFD3BD68-9251-4219-954D-A17D76F9D5D0}.Debug|Win32.Build.0 = Debug|Win32
		{BFD3BD68-9251-4219-954D-A17D76F9D5D0}.Release|Win32.ActiveCfg = Release|Win32
		{BFD3BD68-9251-4219-954D-A17D76F9D5D0}.Release|Win32.Build.0 = Release|Win32
		{C78D923D-86A3-4A6B-8614-BA0E62B7C427}.Debug|Win32.ActiveCfg = Debug|Win32
		{C78D923D-86A3-4A6B-8614-BA0E62B7C427}.Debug|Win32.Build.0 = Debug|Win32
		{C78D923D-86A3-4A6B-8614-BA0E62B7C427}.Release|Win32.ActiveCfg = Release|Win32
		{C78D923D-86A3-4A6B-8614-BA0E62B7C427}.Release|Win32.Build.0 = Release|Win32
		{57769092-62F9-4E6A-B37B-5C2A94103544}.Debug|Win32.ActiveCfg = Debug|Win32
		{57769092-62F9-4E6A-B37B-5C2A94103544}.Debug|Win32.Build.0 = Debug|Win32
		{57769092-62F9-4E6A-B37B-5C2A94103544}.Release|Win32.ActiveCfg = Release|Win32
		{57769092-62F9-4E6A-B37B-5C2A94103544}.Release|Win32.Build.0 = Release|Win32
		{9D5FCB61-673F-423B-A986-8E5B27B35A5D}.Debug|Win32.ActiveCfg = Debug|Win32
		{9D5FCB61-673F-423B-A986-8E5B27B35A5D}.Debug|Win32.Build.0 = Debug|Win32
		{9D5FCB61-673F-423B-A986-8E5B27B35A5D}.Release|Win32.ActiveCfg = Release|Win32
		{9D5FCB61-673F-423B-A986-8E5B27B35A5D}.Release|Win32.Build.0 = Release|Win32
	EndGlobalSection
	GlobalSection(SolutionProperties) = preSolution
		HideSolutionNode = FALSE
	EndGlobalSection
	GlobalSection(NestedProjects) = preSolution
		{BFD3BD68-9251-4219-954D-A17D76F9D5D0} = {C16654BE-29FA-463F-85D5-550AE536522A}
		{C78D923D-86A3-4A6B-8614-BA0E62B7C427} = {C16654BE-29FA-463F-85D5-550AE536522A}
		{57769092-62F9-4E6A-B37B-5C2A94103544} = {C16654BE-29FA-463F-85D5-550AE536522A}
	EndGlobalSection
EndGlobal
